
Microsoft Visual Studio Solution File, Format Version 12.00
# Visual Studio Version 16
VisualStudioVersion = 16.0.30104.148
MinimumVisualStudioVersion = 10.0.40219.1
Project("{FAE04EC0-301F-11D3-BF4B-00C04F79EFBC}") = "ExcelBelegger", "ExcelBelegger.csproj", "{843D07F0-73AB-436C-80BF-2680DFA65BBA}"
EndProject
Global
	GlobalSection(SolutionConfigurationPlatforms) = preSolution
		Debug|Any CPU = Debug|Any CPU
		Release|Any CPU = Release|Any CPU
	EndGlobalSection
	GlobalSection(ProjectConfigurationPlatforms) = postSolution
		{843D07F0-73AB-436C-80BF-2680DFA65BBA}.Debug|Any CPU.ActiveCfg = Debug|Any CPU
		{843D07F0-73AB-436C-80BF-2680DFA65BBA}.Debug|Any CPU.Build.0 = Debug|Any CPU
		{843D07F0-73AB-436C-80BF-2680DFA65BBA}.Release|Any CPU.ActiveCfg = Release|Any CPU
		{843D07F0-73AB-436C-80BF-2680DFA65BBA}.Release|Any CPU.Build.0 = Release|Any CPU
	EndGlobalSection
	GlobalSection(SolutionProperties) = preSolution
		HideSolutionNode = FALSE
	EndGlobalSection
	GlobalSection(ExtensibilityGlobals) = postSolution
		SolutionGuid = {639E9B5A-CA7A-45FE-8E9F-2D1235655FF8}
	EndGlobalSection
EndGlobal
